
Microsoft Visual Studio Solution File, Format Version 12.00
# Visual Studio Version 17
VisualStudioVersion = 17.11.35312.102
MinimumVisualStudioVersion = 10.0.40219.1
Project("{FAE04EC0-301F-11D3-BF4B-00C04F79EFBC}") = "CompanyMVC", "CompanyMVC\CompanyMVC.csproj", "{D210594E-BA49-40ED-B6F9-D9ED62E1B308}"
EndProject
Project("{FAE04EC0-301F-11D3-BF4B-00C04F79EFBC}") = "FinalDAL", "FinalDAL\FinalDAL.csproj", "{03E8D5EF-96E6-44B5-9024-601641F268F5}"
EndProject
Project("{FAE04EC0-301F-11D3-BF4B-00C04F79EFBC}") = "FinalBLL", "FinalBLL\FinalBLL.csproj", "{4649E6E1-F673-482F-8F59-95156993D6F2}"
EndProject
Global
	GlobalSection(SolutionConfigurationPlatforms) = preSolution
		Debug|Any CPU = Debug|Any CPU
		Release|Any CPU = Release|Any CPU
	EndGlobalSection
	GlobalSection(ProjectConfigurationPlatforms) = postSolution
		{D210594E-BA49-40ED-B6F9-D9ED62E1B308}.Debug|Any CPU.ActiveCfg = Debug|Any CPU
		{D210594E-BA49-40ED-B6F9-D9ED62E1B308}.Debug|Any CPU.Build.0 = Debug|Any CPU
		{D210594E-BA49-40ED-B6F9-D9ED62E1B308}.Release|Any CPU.ActiveCfg = Release|Any CPU
		{D210594E-BA49-40ED-B6F9-D9ED62E1B308}.Release|Any CPU.Build.0 = Release|Any CPU
		{03E8D5EF-96E6-44B5-9024-601641F268F5}.Debug|Any CPU.ActiveCfg = Debug|Any CPU
		{03E8D5EF-96E6-44B5-9024-601641F268F5}.Debug|Any CPU.Build.0 = Debug|Any CPU
		{03E8D5EF-96E6-44B5-9024-601641F268F5}.Release|Any CPU.ActiveCfg = Release|Any CPU
		{03E8D5EF-96E6-44B5-9024-601641F268F5}.Release|Any CPU.Build.0 = Release|Any CPU
		{4649E6E1-F673-482F-8F59-95156993D6F2}.Debug|Any CPU.ActiveCfg = Debug|Any CPU
		{4649E6E1-F673-482F-8F59-95156993D6F2}.Debug|Any CPU.Build.0 = Debug|Any CPU
		{4649E6E1-F673-482F-8F59-95156993D6F2}.Release|Any CPU.ActiveCfg = Release|Any CPU
		{4649E6E1-F673-482F-8F59-95156993D6F2}.Release|Any CPU.Build.0 = Release|Any CPU
	EndGlobalSection
	GlobalSection(SolutionProperties) = preSolution
		HideSolutionNode = FALSE
	EndGlobalSection
	GlobalSection(ExtensibilityGlobals) = postSolution
		SolutionGuid = {48B68F2F-DE6F-40D1-9B75-ADB888F9C1F0}
	EndGlobalSection
EndGlobal
